// !$*UTF8*$!
{
	archiveVersion = 1;
	classes = {
	};
	objectVersion = 50;
	objects = {

/* Begin PBXBuildFile section */
		560853CA21A2689500987103 /* AppDelegate.swift in Sources */ = {isa = PBXBuildFile; fileRef = 560853C921A2689500987103 /* AppDelegate.swift */; };
		560853CC21A2689500987103 /* ViewController.swift in Sources */ = {isa = PBXBuildFile; fileRef = 560853CB21A2689500987103 /* ViewController.swift */; };
		560853CF21A2689500987103 /* Main.storyboard in Resources */ = {isa = PBXBuildFile; fileRef = 560853CD21A2689500987103 /* Main.storyboard */; };
		560853D121A2689700987103 /* Assets.xcassets in Resources */ = {isa = PBXBuildFile; fileRef = 560853D021A2689700987103 /* Assets.xcassets */; };
		560853D421A2689700987103 /* LaunchScreen.storyboard in Resources */ = {isa = PBXBuildFile; fileRef = 560853D221A2689700987103 /* LaunchScreen.storyboard */; };
		560853DC21A268BB00987103 /* View.xib in Resources */ = {isa = PBXBuildFile; fileRef = 560853DB21A268BB00987103 /* View.xib */; };
		560853DE21A268FD00987103 /* View.swift in Sources */ = {isa = PBXBuildFile; fileRef = 560853DD21A268FD00987103 /* View.swift */; };
		560853E121A26B4500987103 /* TableViewCell.swift in Sources */ = {isa = PBXBuildFile; fileRef = 560853DF21A26B4500987103 /* TableViewCell.swift */; };
		560853E221A26B4500987103 /* TableViewCell.xib in Resources */ = {isa = PBXBuildFile; fileRef = 560853E021A26B4500987103 /* TableViewCell.xib */; };
/* End PBXBuildFile section */

/* Begin PBXFileReference section */
		560853C621A2689500987103 /* TableViewIntoXib.app */ = {isa = PBXFileReference; explicitFileType = wrapper.application; includeInIndex = 0; path = TableViewIntoXib.app; sourceTree = BUILT_PRODUCTS_DIR; };
		560853C921A2689500987103 /* AppDelegate.swift */ = {isa = PBXFileReference; lastKnownFileType = sourcecode.swift; path = AppDelegate.swift; sourceTree = "<group>"; };
		560853CB21A2689500987103 /* ViewController.swift */ = {isa = PBXFileReference; lastKnownFileType = sourcecode.swift; path = ViewController.swift; sourceTree = "<group>"; };
		560853CE21A2689500987103 /* Base */ = {isa = PBXFileReference; lastKnownFileType = file.storyboard; name = Base; path = Base.lproj/Main.storyboard; sourceTree = "<group>"; };
		560853D021A2689700987103 /* Assets.xcassets */ = {isa = PBXFileReference; lastKnownFileType = folder.assetcatalog; path = Assets.xcassets; sourceTree = "<group>"; };
		560853D321A2689700987103 /* Base */ = {isa = PBXFileReference; lastKnownFileType = file.storyboard; name = Base; path = Base.lproj/LaunchScreen.storyboard; sourceTree = "<group>"; };
		560853D521A2689700987103 /* Info.plist */ = {isa = PBXFileReference; lastKnownFileType = text.plist.xml; path = Info.plist; sourceTree = "<group>"; };
		560853DB21A268BB00987103 /* View.xib */ = {isa = PBXFileReference; lastKnownFileType = file.xib; path = View.xib; sourceTree = "<group>"; };
		560853DD21A268FD00987103 /* View.swift */ = {isa = PBXFileReference; lastKnownFileType = sourcecode.swift; path = View.swift; sourceTree = "<group>"; };
		560853DF21A26B4500987103 /* TableViewCell.swift */ = {isa = PBXFileReference; lastKnownFileType = sourcecode.swift; path = TableViewCell.swift; sourceTree = "<group>"; };
		560853E021A26B4500987103 /* TableViewCell.xib */ = {isa = PBXFileReference; lastKnownFileType = file.xib; path = TableViewCell.xib; sourceTree = "<group>"; };
/* End PBXFileReference section */

/* Begin PBXFrameworksBuildPhase section */
		560853C321A2689500987103 /* Frameworks */ = {
			isa = PBXFrameworksBuildPhase;
			buildActionMask = 2147483647;
			files = (
			);
			runOnlyForDeploymentPostprocessing = 0;
		};
/* End PBXFrameworksBuildPhase section */

/* Begin PBXGroup section */
		560853BD21A2689500987103 = {
			isa = PBXGroup;
			children = (
				560853C821A2689500987103 /* table_view_in_xib */,
				560853C721A2689500987103 /* Products */,
			);
			sourceTree = "<group>";
		};
		560853C721A2689500987103 /* Products */ = {
			isa = PBXGroup;
			children = (
				560853C621A2689500987103 /* TableViewIntoXib.app */,
			);
			name = Products;
			sourceTree = "<group>";
		};
		560853C821A2689500987103 /* table_view_in_xib */ = {
			isa = PBXGroup;
			children = (
				560853C921A2689500987103 /* AppDelegate.swift */,
				560853CB21A2689500987103 /* ViewController.swift */,
				560853DF21A26B4500987103 /* TableViewCell.swift */,
				560853E021A26B4500987103 /* TableViewCell.xib */,
				560853CD21A2689500987103 /* Main.storyboard */,
				560853DB21A268BB00987103 /* View.xib */,
				560853DD21A268FD00987103 /* View.swift */,
				560853D021A2689700987103 /* Assets.xcassets */,
				560853D221A2689700987103 /* LaunchScreen.storyboard */,
				560853D521A2689700987103 /* Info.plist */,
			);
			path = table_view_in_xib;
			sourceTree = "<group>";
		};
/* End PBXGroup section */

/* Begin PBXNativeTarget section */
		560853C521A2689500987103 /* TableViewIntoXib */ = {
			isa = PBXNativeTarget;
			buildConfigurationList = 560853D821A2689700987103 /* Build configuration list for PBXNativeTarget "TableViewIntoXib" */;
			buildPhases = (
				560853C221A2689500987103 /* Sources */,
				560853C321A2689500987103 /* Frameworks */,
				560853C421A2689500987103 /* Resources */,
			);
			buildRules = (
			);
			dependencies = (
			);
			name = TableViewIntoXib;
			productName = TableViewIntoXib;
			productReference = 560853C621A2689500987103 /* TableViewIntoXib.app */;
			productType = "com.apple.product-type.application";
		};
/* End PBXNativeTarget section */

/* Begin PBXProject section */
		560853BE21A2689500987103 /* Project object */ = {
			isa = PBXProject;
			attributes = {
				LastSwiftUpdateCheck = 1010;
				LastUpgradeCheck = 1010;
				ORGANIZATIONNAME = "Charles Chien";
				TargetAttributes = {
					560853C521A2689500987103 = {
						CreatedOnToolsVersion = 10.1;
					};
				};
			};
			buildConfigurationList = 560853C121A2689500987103 /* Build configuration list for PBXProject "table_view_in_xib" */;
			compatibilityVersion = "Xcode 9.3";
			developmentRegion = en;
			hasScannedForEncodings = 0;
			knownRegions = (
				en,
				Base,
			);
			mainGroup = 560853BD21A2689500987103;
			productRefGroup = 560853C721A2689500987103 /* Products */;
			projectDirPath = "";
			projectRoot = "";
			targets = (
				560853C521A2689500987103 /* TableViewIntoXib */,
			);
		};
/* End PBXProject section */

/* Begin PBXResourcesBuildPhase section */
		560853C421A2689500987103 /* Resources */ = {
			isa = PBXResourcesBuildPhase;
			buildActionMask = 2147483647;
			files = (
				560853DC21A268BB00987103 /* View.xib in Resources */,
				560853E221A26B4500987103 /* TableViewCell.xib in Resources */,
				560853D421A2689700987103 /* LaunchScreen.storyboard in Resources */,
				560853D121A2689700987103 /* Assets.xcassets in Resources */,
				560853CF21A2689500987103 /* Main.storyboard in Resources */,
			);
			runOnlyForDeploymentPostprocessing = 0;
		};
/* End PBXResourcesBuildPhase section */

/* Begin PBXSourcesBuildPhase section */
		560853C221A2689500987103 /* Sources */ = {
			isa = PBXSourcesBuildPhase;
			buildActionMask = 2147483647;
			files = (
				560853CC21A2689500987103 /* ViewController.swift in Sources */,
				560853E121A26B4500987103 /* TableViewCell.swift in Sources */,
				560853CA21A2689500987103 /* AppDelegate.swift in Sources */,
				560853DE21A268FD00987103 /* View.swift in Sources */,
			);
			runOnlyForDeploymentPostprocessing = 0;
		};
/* End PBXSourcesBuildPhase section */

/* Begin PBXVariantGroup section */
		560853CD21A2689500987103 /* Main.storyboard */ = {
			isa = PBXVariantGroup;
			children = (
				560853CE21A2689500987103 /* Base */,
			);
			name = Main.storyboard;
			sourceTree = "<group>";
		};
		560853D221A2689700987103 /* LaunchScreen.storyboard */ = {
			isa = PBXVariantGroup;
			children = (
				560853D321A2689700987103 /* Base */,
			);
			name = LaunchScreen.storyboard;
			sourceTree = "<group>";
		};
/* End PBXVariantGroup section */

/* Begin XCBuildConfiguration section */
		560853D621A2689700987103 /* Debug */ = {
			isa = XCBuildConfiguration;
			buildSettings = {
				ALWAYS_SEARCH_USER_PATHS = NO;
				CLANG_ANALYZER_NONNULL = YES;
				CLANG_ANALYZER_NUMBER_OBJECT_CONVERSION = YES_AGGRESSIVE;
				CLANG_CXX_LANGUAGE_STANDARD = "gnu++14";
				CLANG_CXX_LIBRARY = "libc++";
				CLANG_ENABLE_MODULES = YES;
				CLANG_ENABLE_OBJC_ARC = YES;
				CLANG_ENABLE_OBJC_WEAK = YES;
				CLANG_WARN_BLOCK_CAPTURE_AUTORELEASING = YES;
				CLANG_WARN_BOOL_CONVERSION = YES;
				CLANG_WARN_COMMA = YES;
				CLANG_WARN_CONSTANT_CONVERSION = YES;
				CLANG_WARN_DEPRECATED_OBJC_IMPLEMENTATIONS = YES;
				CLANG_WARN_DIRECT_OBJC_ISA_USAGE = YES_ERROR;
				CLANG_WARN_DOCUMENTATION_COMMENTS = YES;
				CLANG_WARN_EMPTY_BODY = YES;
				CLANG_WARN_ENUM_CONVERSION = YES;
				CLANG_WARN_INFINITE_RECURSION = YES;
				CLANG_WARN_INT_CONVERSION = YES;
				CLANG_WARN_NON_LITERAL_NULL_CONVERSION = YES;
				CLANG_WARN_OBJC_IMPLICIT_RETAIN_SELF = YES;
				CLANG_WARN_OBJC_LITERAL_CONVERSION = YES;
				CLANG_WARN_OBJC_ROOT_CLASS = YES_ERROR;
				CLANG_WARN_RANGE_LOOP_ANALYSIS = YES;
				CLANG_WARN_STRICT_PROTOTYPES = YES;
				CLANG_WARN_SUSPICIOUS_MOVE = YES;
				CLANG_WARN_UNGUARDED_AVAILABILITY = YES_AGGRESSIVE;
				CLANG_WARN_UNREACHABLE_CODE = YES;
				CLANG_WARN__DUPLICATE_METHOD_MATCH = YES;
				CODE_SIGN_IDENTITY = "iPhone Developer";
				COPY_PHASE_STRIP = NO;
				DEBUG_INFORMATION_FORMAT = dwarf;
				ENABLE_STRICT_OBJC_MSGSEND = YES;
				ENABLE_TESTABILITY = YES;
				GCC_C_LANGUAGE_STANDARD = gnu11;
				GCC_DYNAMIC_NO_PIC = NO;
				GCC_NO_COMMON_BLOCKS = YES;
				GCC_OPTIMIZATION_LEVEL = 0;
				GCC_PREPROCESSOR_DEFINITIONS = (
					"DEBUG=1",
					"$(inherited)",
				);
				GCC_WARN_64_TO_32_BIT_CONVERSION = YES;
				GCC_WARN_ABOUT_RETURN_TYPE = YES_ERROR;
				GCC_WARN_UNDECLARED_SELECTOR = YES;
				GCC_WARN_UNINITIALIZED_AUTOS = YES_AGGRESSIVE;
				GCC_WARN_UNUSED_FUNCTION = YES;
				GCC_WARN_UNUSED_VARIABLE = YES;
				IPHONEOS_DEPLOYMENT_TARGET = 12.1;
				MTL_ENABLE_DEBUG_INFO = INCLUDE_SOURCE;
				MTL_FAST_MATH = YES;
				ONLY_ACTIVE_ARCH = YES;
				SDKROOT = iphoneos;
				SWIFT_ACTIVE_COMPILATION_CONDITIONS = DEBUG;
				SWIFT_OPTIMIZATION_LEVEL = "-Onone";
			};
			name = Debug;
		};
		560853D721A2689700987103 /* Release */ = {
			isa = XCBuildConfiguration;
			buildSettings = {
				ALWAYS_SEARCH_USER_PATHS = NO;
				CLANG_ANALYZER_NONNULL = YES;
				CLANG_ANALYZER_NUMBER_OBJECT_CONVERSION = YES_AGGRESSIVE;
				CLANG_CXX_LANGUAGE_STANDARD = "gnu++14";
				CLANG_CXX_LIBRARY = "libc++";
				CLANG_ENABLE_MODULES = YES;
				CLANG_ENABLE_OBJC_ARC = YES;
				CLANG_ENABLE_OBJC_WEAK = YES;
				CLANG_WARN_BLOCK_CAPTURE_AUTORELEASING = YES;
				CLANG_WARN_BOOL_CONVERSION = YES;
				CLANG_WARN_COMMA = YES;
				CLANG_WARN_CONSTANT_CONVERSION = YES;
				CLANG_WARN_DEPRECATED_OBJC_IMPLEMENTATIONS = YES;
				CLANG_WARN_DIRECT_OBJC_ISA_USAGE = YES_ERROR;
				CLANG_WARN_DOCUMENTATION_COMMENTS = YES;
				CLANG_WARN_EMPTY_BODY = YES;
				CLANG_WARN_ENUM_CONVERSION = YES;
				CLANG_WARN_INFINITE_RECURSION = YES;
				CLANG_WARN_INT_CONVERSION = YES;
				CLANG_WARN_NON_LITERAL_NULL_CONVERSION = YES;
				CLANG_WARN_OBJC_IMPLICIT_RETAIN_SELF = YES;
				CLANG_WARN_OBJC_LITERAL_CONVERSION = YES;
				CLANG_WARN_OBJC_ROOT_CLASS = YES_ERROR;
				CLANG_WARN_RANGE_LOOP_ANALYSIS = YES;
				CLANG_WARN_STRICT_PROTOTYPES = YES;
				CLANG_WARN_SUSPICIOUS_MOVE = YES;
				CLANG_WARN_UNGUARDED_AVAILABILITY = YES_AGGRESSIVE;
				CLANG_WARN_UNREACHABLE_CODE = YES;
				CLANG_WARN__DUPLICATE_METHOD_MATCH = YES;
				CODE_SIGN_IDENTITY = "iPhone Developer";
				COPY_PHASE_STRIP = NO;
				DEBUG_INFORMATION_FORMAT = "dwarf-with-dsym";
				ENABLE_NS_ASSERTIONS = NO;
				ENABLE_STRICT_OBJC_MSGSEND = YES;
				GCC_C_LANGUAGE_STANDARD = gnu11;
				GCC_NO_COMMON_BLOCKS = YES;
				GCC_WARN_64_TO_32_BIT_CONVERSION = YES;
				GCC_WARN_ABOUT_RETURN_TYPE = YES_ERROR;
				GCC_WARN_UNDECLARED_SELECTOR = YES;
				GCC_WARN_UNINITIALIZED_AUTOS = YES_AGGRESSIVE;
				GCC_WARN_UNUSED_FUNCTION = YES;
				GCC_WARN_UNUSED_VARIABLE = YES;
				IPHONEOS_DEPLOYMENT_TARGET = 12.1;
				MTL_ENABLE_DEBUG_INFO = NO;
				MTL_FAST_MATH = YES;
				SDKROOT = iphoneos;
				SWIFT_COMPILATION_MODE = wholemodule;
				SWIFT_OPTIMIZATION_LEVEL = "-O";
				VALIDATE_PRODUCT = YES;
			};
			name = Release;
		};
		560853D921A2689700987103 /* Debug */ = {
			isa = XCBuildConfiguration;
			buildSettings = {
				ASSETCATALOG_COMPILER_APPICON_NAME = AppIcon;
				CODE_SIGN_STYLE = Automatic;
				DEVELOPMENT_TEAM = P58H5ST3T5;
				INFOPLIST_FILE = TableViewIntoXib/Info.plist;
				LD_RUNPATH_SEARCH_PATHS = (
					"$(inherited)",
					"@executable_path/Frameworks",
				);
				PRODUCT_BUNDLE_IDENTIFIER = "com.Charles-Chien.TableViewIntoXib";
				PRODUCT_NAME = "$(TARGET_NAME)";
				SWIFT_VERSION = 4.2;
				TARGETED_DEVICE_FAMILY = "1,2";
			};
			name = Debug;
		};
		560853DA21A2689700987103 /* Release */ = {
			isa = XCBuildConfiguration;
			buildSettings = {
				ASSETCATALOG_COMPILER_APPICON_NAME = AppIcon;
				CODE_SIGN_STYLE = Automatic;
				DEVELOPMENT_TEAM = P58H5ST3T5;
				INFOPLIST_FILE = TableViewIntoXib/Info.plist;
				LD_RUNPATH_SEARCH_PATHS = (
					"$(inherited)",
					"@executable_path/Frameworks",
				);
				PRODUCT_BUNDLE_IDENTIFIER = "com.Charles-Chien.TableViewIntoXib";
				PRODUCT_NAME = "$(TARGET_NAME)";
				SWIFT_VERSION = 4.2;
				TARGETED_DEVICE_FAMILY = "1,2";
			};
			name = Release;
		};
/* End XCBuildConfiguration section */

/* Begin XCConfigurationList section */
		560853C121A2689500987103 /* Build configuration list for PBXProject "table_view_in_xib" */ = {
			isa = XCConfigurationList;
			buildConfigurations = (
				560853D621A2689700987103 /* Debug */,
				560853D721A2689700987103 /* Release */,
			);
			defaultConfigurationIsVisible = 0;
			defaultConfigurationName = Release;
		};
		560853D821A2689700987103 /* Build configuration list for PBXNativeTarget "TableViewIntoXib" */ = {
			isa = XCConfigurationList;
			buildConfigurations = (
				560853D921A2689700987103 /* Debug */,
				560853DA21A2689700987103 /* Release */,
			);
			defaultConfigurationIsVisible = 0;
			defaultConfigurationName = Release;
		};
/* End XCConfigurationList section */
	};
	rootObject = 560853BE21A2689500987103 /* Project object */;
}
